
Microsoft Visual Studio Solution File, Format Version 12.00
# Visual Studio 15
Project("{FAE04EC0-301F-11D3-BF4B-00C04F79EFBC}") = "Unity.VSCode.Editor", "Unity.VSCode.Editor.csproj", "{F37EB8D3-595B-2A8E-9D57-98253E4F534B}"
EndProject
Global
	GlobalSection(SolutionConfigurationPlatforms) = preSolution
		Debug|Any CPU = Debug|Any CPU
		Release|Any CPU = Release|Any CPU
	EndGlobalSection
	GlobalSection(ProjectConfigurationPlatforms) = postSolution
		{F37EB8D3-595B-2A8E-9D57-98253E4F534B}.Debug|Any CPU.ActiveCfg = Debug|Any CPU
		{F37EB8D3-595B-2A8E-9D57-98253E4F534B}.Debug|Any CPU.Build.0 = Debug|Any CPU
		{F37EB8D3-595B-2A8E-9D57-98253E4F534B}.Release|Any CPU.ActiveCfg = Release|Any CPU
		{F37EB8D3-595B-2A8E-9D57-98253E4F534B}.Release|Any CPU.Build.0 = Release|Any CPU
	EndGlobalSection
EndGlobal
